// !$*UTF8*$!
{
	archiveVersion = 1;
	classes = {
	};
	objectVersion = 48;
	objects = {

/* Begin PBXBuildFile section */
		3849AF77207A644D00656FA1 /* AppDelegate.m in Sources */ = {isa = PBXBuildFile; fileRef = 3849AF76207A644D00656FA1 /* AppDelegate.m */; };
		3849AF7A207A644D00656FA1 /* ViewController.m in Sources */ = {isa = PBXBuildFile; fileRef = 3849AF79207A644D00656FA1 /* ViewController.m */; };
		3849AF7D207A644D00656FA1 /* Main.storyboard in Resources */ = {isa = PBXBuildFile; fileRef = 3849AF7B207A644D00656FA1 /* Main.storyboard */; };
		3849AF7F207A644D00656FA1 /* Assets.xcassets in Resources */ = {isa = PBXBuildFile; fileRef = 3849AF7E207A644D00656FA1 /* Assets.xcassets */; };
		3849AF82207A644D00656FA1 /* LaunchScreen.storyboard in Resources */ = {isa = PBXBuildFile; fileRef = 3849AF80207A644D00656FA1 /* LaunchScreen.storyboard */; };
		3849AF85207A644D00656FA1 /* main.m in Sources */ = {isa = PBXBuildFile; fileRef = 3849AF84207A644D00656FA1 /* main.m */; };
		3849AF8D207A646300656FA1 /* NumberRepeater.m in Sources */ = {isa = PBXBuildFile; fileRef = 3849AF8C207A646300656FA1 /* NumberRepeater.m */; };
/* End PBXBuildFile section */

/* Begin PBXFileReference section */
		3849AF72207A644D00656FA1 /* RepeatingNumbers.app */ = {isa = PBXFileReference; explicitFileType = wrapper.application; includeInIndex = 0; path = RepeatingNumbers.app; sourceTree = BUILT_PRODUCTS_DIR; };
		3849AF75207A644D00656FA1 /* AppDelegate.h */ = {isa = PBXFileReference; lastKnownFileType = sourcecode.c.h; path = AppDelegate.h; sourceTree = "<group>"; };
		3849AF76207A644D00656FA1 /* AppDelegate.m */ = {isa = PBXFileReference; lastKnownFileType = sourcecode.c.objc; path = AppDelegate.m; sourceTree = "<group>"; };
		3849AF78207A644D00656FA1 /* ViewController.h */ = {isa = PBXFileReference; lastKnownFileType = sourcecode.c.h; path = ViewController.h; sourceTree = "<group>"; };
		3849AF79207A644D00656FA1 /* ViewController.m */ = {isa = PBXFileReference; lastKnownFileType = sourcecode.c.objc; path = ViewController.m; sourceTree = "<group>"; };
		3849AF7C207A644D00656FA1 /* Base */ = {isa = PBXFileReference; lastKnownFileType = file.storyboard; name = Base; path = Base.lproj/Main.storyboard; sourceTree = "<group>"; };
		3849AF7E207A644D00656FA1 /* Assets.xcassets */ = {isa = PBXFileReference; lastKnownFileType = folder.assetcatalog; path = Assets.xcassets; sourceTree = "<group>"; };
		3849AF81207A644D00656FA1 /* Base */ = {isa = PBXFileReference; lastKnownFileType = file.storyboard; name = Base; path = Base.lproj/LaunchScreen.storyboard; sourceTree = "<group>"; };
		3849AF83207A644D00656FA1 /* Info.plist */ = {isa = PBXFileReference; lastKnownFileType = text.plist.xml; path = Info.plist; sourceTree = "<group>"; };
		3849AF84207A644D00656FA1 /* main.m */ = {isa = PBXFileReference; lastKnownFileType = sourcecode.c.objc; path = main.m; sourceTree = "<group>"; };
		3849AF8B207A646300656FA1 /* NumberRepeater.h */ = {isa = PBXFileReference; lastKnownFileType = sourcecode.c.h; path = NumberRepeater.h; sourceTree = "<group>"; };
		3849AF8C207A646300656FA1 /* NumberRepeater.m */ = {isa = PBXFileReference; lastKnownFileType = sourcecode.c.objc; path = NumberRepeater.m; sourceTree = "<group>"; };
/* End PBXFileReference section */

/* Begin PBXFrameworksBuildPhase section */
		3849AF6F207A644D00656FA1 /* Frameworks */ = {
			isa = PBXFrameworksBuildPhase;
			buildActionMask = 2147483647;
			files = (
			);
			runOnlyForDeploymentPostprocessing = 0;
		};
/* End PBXFrameworksBuildPhase section */

/* Begin PBXGroup section */
		3849AF69207A644D00656FA1 = {
			isa = PBXGroup;
			children = (
				3849AF74207A644D00656FA1 /* RepeatingNumbers */,
				3849AF73207A644D00656FA1 /* Products */,
			);
			sourceTree = "<group>";
		};
		3849AF73207A644D00656FA1 /* Products */ = {
			isa = PBXGroup;
			children = (
				3849AF72207A644D00656FA1 /* RepeatingNumbers.app */,
			);
			name = Products;
			sourceTree = "<group>";
		};
		3849AF74207A644D00656FA1 /* RepeatingNumbers */ = {
			isa = PBXGroup;
			children = (
				3849AF75207A644D00656FA1 /* AppDelegate.h */,
				3849AF8B207A646300656FA1 /* NumberRepeater.h */,
				3849AF8C207A646300656FA1 /* NumberRepeater.m */,
				3849AF76207A644D00656FA1 /* AppDelegate.m */,
				3849AF78207A644D00656FA1 /* ViewController.h */,
				3849AF79207A644D00656FA1 /* ViewController.m */,
				3849AF7B207A644D00656FA1 /* Main.storyboard */,
				3849AF7E207A644D00656FA1 /* Assets.xcassets */,
				3849AF80207A644D00656FA1 /* LaunchScreen.storyboard */,
				3849AF83207A644D00656FA1 /* Info.plist */,
				3849AF84207A644D00656FA1 /* main.m */,
			);
			path = RepeatingNumbers;
			sourceTree = "<group>";
		};
/* End PBXGroup section */

/* Begin PBXNativeTarget section */
		3849AF71207A644D00656FA1 /* RepeatingNumbers */ = {
			isa = PBXNativeTarget;
			buildConfigurationList = 3849AF88207A644D00656FA1 /* Build configuration list for PBXNativeTarget "RepeatingNumbers" */;
			buildPhases = (
				3849AF6E207A644D00656FA1 /* Sources */,
				3849AF6F207A644D00656FA1 /* Frameworks */,
				3849AF70207A644D00656FA1 /* Resources */,
			);
			buildRules = (
			);
			dependencies = (
			);
			name = RepeatingNumbers;
			productName = RepeatingNumbers;
			productReference = 3849AF72207A644D00656FA1 /* RepeatingNumbers.app */;
			productType = "com.apple.product-type.application";
		};
/* End PBXNativeTarget section */

/* Begin PBXProject section */
		3849AF6A207A644D00656FA1 /* Project object */ = {
			isa = PBXProject;
			attributes = {
				LastUpgradeCheck = 0920;
				ORGANIZATIONNAME = "ruijia lin";
				TargetAttributes = {
					3849AF71207A644D00656FA1 = {
						CreatedOnToolsVersion = 9.2;
						ProvisioningStyle = Automatic;
					};
				};
			};
			buildConfigurationList = 3849AF6D207A644D00656FA1 /* Build configuration list for PBXProject "RepeatingNumbers" */;
			compatibilityVersion = "Xcode 8.0";
			developmentRegion = en;
			hasScannedForEncodings = 0;
			knownRegions = (
				en,
				Base,
			);
			mainGroup = 3849AF69207A644D00656FA1;
			productRefGroup = 3849AF73207A644D00656FA1 /* Products */;
			projectDirPath = "";
			projectRoot = "";
			targets = (
				3849AF71207A644D00656FA1 /* RepeatingNumbers */,
			);
		};
/* End PBXProject section */

/* Begin PBXResourcesBuildPhase section */
		3849AF70207A644D00656FA1 /* Resources */ = {
			isa = PBXResourcesBuildPhase;
			buildActionMask = 2147483647;
			files = (
				3849AF82207A644D00656FA1 /* LaunchScreen.storyboard in Resources */,
				3849AF7F207A644D00656FA1 /* Assets.xcassets in Resources */,
				3849AF7D207A644D00656FA1 /* Main.storyboard in Resources */,
			);
			runOnlyForDeploymentPostprocessing = 0;
		};
/* End PBXResourcesBuildPhase section */

/* Begin PBXSourcesBuildPhase section */
		3849AF6E207A644D00656FA1 /* Sources */ = {
			isa = PBXSourcesBuildPhase;
			buildActionMask = 2147483647;
			files = (
				3849AF7A207A644D00656FA1 /* ViewController.m in Sources */,
				3849AF85207A644D00656FA1 /* main.m in Sources */,
				3849AF77207A644D00656FA1 /* AppDelegate.m in Sources */,
				3849AF8D207A646300656FA1 /* NumberRepeater.m in Sources */,
			);
			runOnlyForDeploymentPostprocessing = 0;
		};
/* End PBXSourcesBuildPhase section */

/* Begin PBXVariantGroup section */
		3849AF7B207A644D00656FA1 /* Main.storyboard */ = {
			isa = PBXVariantGroup;
			children = (
				3849AF7C207A644D00656FA1 /* Base */,
			);
			name = Main.storyboard;
			sourceTree = "<group>";
		};
		3849AF80207A644D00656FA1 /* LaunchScreen.storyboard */ = {
			isa = PBXVariantGroup;
			children = (
				3849AF81207A644D00656FA1 /* Base */,
			);
			name = LaunchScreen.storyboard;
			sourceTree = "<group>";
		};
/* End PBXVariantGroup section */

/* Begin XCBuildConfiguration section */
		3849AF86207A644D00656FA1 /* Debug */ = {
			isa = XCBuildConfiguration;
			buildSettings = {
				ALWAYS_SEARCH_USER_PATHS = NO;
				CLANG_ANALYZER_NONNULL = YES;
				CLANG_ANALYZER_NUMBER_OBJECT_CONVERSION = YES_AGGRESSIVE;
				CLANG_CXX_LANGUAGE_STANDARD = "gnu++14";
				CLANG_CXX_LIBRARY = "libc++";
				CLANG_ENABLE_MODULES = YES;
				CLANG_ENABLE_OBJC_ARC = YES;
				CLANG_WARN_BLOCK_CAPTURE_AUTORELEASING = YES;
				CLANG_WARN_BOOL_CONVERSION = YES;
				CLANG_WARN_COMMA = YES;
				CLANG_WARN_CONSTANT_CONVERSION = YES;
				CLANG_WARN_DIRECT_OBJC_ISA_USAGE = YES_ERROR;
				CLANG_WARN_DOCUMENTATION_COMMENTS = YES;
				CLANG_WARN_EMPTY_BODY = YES;
				CLANG_WARN_ENUM_CONVERSION = YES;
				CLANG_WARN_INFINITE_RECURSION = YES;
				CLANG_WARN_INT_CONVERSION = YES;
				CLANG_WARN_NON_LITERAL_NULL_CONVERSION = YES;
				CLANG_WARN_OBJC_LITERAL_CONVERSION = YES;
				CLANG_WARN_OBJC_ROOT_CLASS = YES_ERROR;
				CLANG_WARN_RANGE_LOOP_ANALYSIS = YES;
				CLANG_WARN_STRICT_PROTOTYPES = YES;
				CLANG_WARN_SUSPICIOUS_MOVE = YES;
				CLANG_WARN_UNGUARDED_AVAILABILITY = YES_AGGRESSIVE;
				CLANG_WARN_UNREACHABLE_CODE = YES;
				CLANG_WARN__DUPLICATE_METHOD_MATCH = YES;
				CODE_SIGN_IDENTITY = "iPhone Developer";
				COPY_PHASE_STRIP = NO;
				DEBUG_INFORMATION_FORMAT = dwarf;
				ENABLE_STRICT_OBJC_MSGSEND = YES;
				ENABLE_TESTABILITY = YES;
				GCC_C_LANGUAGE_STANDARD = gnu11;
				GCC_DYNAMIC_NO_PIC = NO;
				GCC_NO_COMMON_BLOCKS = YES;
				GCC_OPTIMIZATION_LEVEL = 0;
				GCC_PREPROCESSOR_DEFINITIONS = (
					"DEBUG=1",
					"$(inherited)",
				);
				GCC_WARN_64_TO_32_BIT_CONVERSION = YES;
				GCC_WARN_ABOUT_RETURN_TYPE = YES_ERROR;
				GCC_WARN_UNDECLARED_SELECTOR = YES;
				GCC_WARN_UNINITIALIZED_AUTOS = YES_AGGRESSIVE;
				GCC_WARN_UNUSED_FUNCTION = YES;
				GCC_WARN_UNUSED_VARIABLE = YES;
				IPHONEOS_DEPLOYMENT_TARGET = 11.2;
				MTL_ENABLE_DEBUG_INFO = YES;
				ONLY_ACTIVE_ARCH = YES;
				SDKROOT = iphoneos;
			};
			name = Debug;
		};
		3849AF87207A644D00656FA1 /* Release */ = {
			isa = XCBuildConfiguration;
			buildSettings = {
				ALWAYS_SEARCH_USER_PATHS = NO;
				CLANG_ANALYZER_NONNULL = YES;
				CLANG_ANALYZER_NUMBER_OBJECT_CONVERSION = YES_AGGRESSIVE;
				CLANG_CXX_LANGUAGE_STANDARD = "gnu++14";
				CLANG_CXX_LIBRARY = "libc++";
				CLANG_ENABLE_MODULES = YES;
				CLANG_ENABLE_OBJC_ARC = YES;
				CLANG_WARN_BLOCK_CAPTURE_AUTORELEASING = YES;
				CLANG_WARN_BOOL_CONVERSION = YES;
				CLANG_WARN_COMMA = YES;
				CLANG_WARN_CONSTANT_CONVERSION = YES;
				CLANG_WARN_DIRECT_OBJC_ISA_USAGE = YES_ERROR;
				CLANG_WARN_DOCUMENTATION_COMMENTS = YES;
				CLANG_WARN_EMPTY_BODY = YES;
				CLANG_WARN_ENUM_CONVERSION = YES;
				CLANG_WARN_INFINITE_RECURSION = YES;
				CLANG_WARN_INT_CONVERSION = YES;
				CLANG_WARN_NON_LITERAL_NULL_CONVERSION = YES;
				CLANG_WARN_OBJC_LITERAL_CONVERSION = YES;
				CLANG_WARN_OBJC_ROOT_CLASS = YES_ERROR;
				CLANG_WARN_RANGE_LOOP_ANALYSIS = YES;
				CLANG_WARN_STRICT_PROTOTYPES = YES;
				CLANG_WARN_SUSPICIOUS_MOVE = YES;
				CLANG_WARN_UNGUARDED_AVAILABILITY = YES_AGGRESSIVE;
				CLANG_WARN_UNREACHABLE_CODE = YES;
				CLANG_WARN__DUPLICATE_METHOD_MATCH = YES;
				CODE_SIGN_IDENTITY = "iPhone Developer";
				COPY_PHASE_STRIP = NO;
				DEBUG_INFORMATION_FORMAT = "dwarf-with-dsym";
				ENABLE_NS_ASSERTIONS = NO;
				ENABLE_STRICT_OBJC_MSGSEND = YES;
				GCC_C_LANGUAGE_STANDARD = gnu11;
				GCC_NO_COMMON_BLOCKS = YES;
				GCC_WARN_64_TO_32_BIT_CONVERSION = YES;
				GCC_WARN_ABOUT_RETURN_TYPE = YES_ERROR;
				GCC_WARN_UNDECLARED_SELECTOR = YES;
				GCC_WARN_UNINITIALIZED_AUTOS = YES_AGGRESSIVE;
				GCC_WARN_UNUSED_FUNCTION = YES;
				GCC_WARN_UNUSED_VARIABLE = YES;
				IPHONEOS_DEPLOYMENT_TARGET = 11.2;
				MTL_ENABLE_DEBUG_INFO = NO;
				SDKROOT = iphoneos;
				VALIDATE_PRODUCT = YES;
			};
			name = Release;
		};
		3849AF89207A644D00656FA1 /* Debug */ = {
			isa = XCBuildConfiguration;
			buildSettings = {
				ASSETCATALOG_COMPILER_APPICON_NAME = AppIcon;
				CODE_SIGN_STYLE = Automatic;
				DEVELOPMENT_TEAM = 6FGZ4M8EYW;
				INFOPLIST_FILE = RepeatingNumbers/Info.plist;
				LD_RUNPATH_SEARCH_PATHS = "$(inherited) @executable_path/Frameworks";
				PRODUCT_BUNDLE_IDENTIFIER = com.RJL.RepeatingNumbers;
				PRODUCT_NAME = "$(TARGET_NAME)";
				TARGETED_DEVICE_FAMILY = "1,2";
			};
			name = Debug;
		};
		3849AF8A207A644D00656FA1 /* Release */ = {
			isa = XCBuildConfiguration;
			buildSettings = {
				ASSETCATALOG_COMPILER_APPICON_NAME = AppIcon;
				CODE_SIGN_STYLE = Automatic;
				DEVELOPMENT_TEAM = 6FGZ4M8EYW;
				INFOPLIST_FILE = RepeatingNumbers/Info.plist;
				LD_RUNPATH_SEARCH_PATHS = "$(inherited) @executable_path/Frameworks";
				PRODUCT_BUNDLE_IDENTIFIER = com.RJL.RepeatingNumbers;
				PRODUCT_NAME = "$(TARGET_NAME)";
				TARGETED_DEVICE_FAMILY = "1,2";
			};
			name = Release;
		};
/* End XCBuildConfiguration section */

/* Begin XCConfigurationList section */
		3849AF6D207A644D00656FA1 /* Build configuration list for PBXProject "RepeatingNumbers" */ = {
			isa = XCConfigurationList;
			buildConfigurations = (
				3849AF86207A644D00656FA1 /* Debug */,
				3849AF87207A644D00656FA1 /* Release */,
			);
			defaultConfigurationIsVisible = 0;
			defaultConfigurationName = Release;
		};
		3849AF88207A644D00656FA1 /* Build configuration list for PBXNativeTarget "RepeatingNumbers" */ = {
			isa = XCConfigurationList;
			buildConfigurations = (
				3849AF89207A644D00656FA1 /* Debug */,
				3849AF8A207A644D00656FA1 /* Release */,
			);
			defaultConfigurationIsVisible = 0;
			defaultConfigurationName = Release;
		};
/* End XCConfigurationList section */
	};
	rootObject = 3849AF6A207A644D00656FA1 /* Project object */;
}
